
Microsoft Visual Studio Solution File, Format Version 12.00
# Visual Studio Version 17
VisualStudioVersion = 17.1.32414.318
MinimumVisualStudioVersion = 10.0.40219.1
Project("{FAE04EC0-301F-11D3-BF4B-00C04F79EFBC}") = "SalarioComBonus", "SalarioComBonus\SalarioComBonus.csproj", "{D4623716-C0DD-49CC-B00E-F2E1DC575665}"
EndProject
Global
	GlobalSection(SolutionConfigurationPlatforms) = preSolution
		Debug|Any CPU = Debug|Any CPU
		Release|Any CPU = Release|Any CPU
	EndGlobalSection
	GlobalSection(ProjectConfigurationPlatforms) = postSolution
		{D4623716-C0DD-49CC-B00E-F2E1DC575665}.Debug|Any CPU.ActiveCfg = Debug|Any CPU
		{D4623716-C0DD-49CC-B00E-F2E1DC575665}.Debug|Any CPU.Build.0 = Debug|Any CPU
		{D4623716-C0DD-49CC-B00E-F2E1DC575665}.Release|Any CPU.ActiveCfg = Release|Any CPU
		{D4623716-C0DD-49CC-B00E-F2E1DC575665}.Release|Any CPU.Build.0 = Release|Any CPU
	EndGlobalSection
	GlobalSection(SolutionProperties) = preSolution
		HideSolutionNode = FALSE
	EndGlobalSection
	GlobalSection(ExtensibilityGlobals) = postSolution
		SolutionGuid = {A8514B37-994A-46A8-917B-EB85D51F2C14}
	EndGlobalSection
EndGlobal
