
Microsoft Visual Studio Solution File, Format Version 12.00
# Visual Studio Version 17
VisualStudioVersion = 17.1.32414.318
MinimumVisualStudioVersion = 10.0.40219.1
Project("{FAE04EC0-301F-11D3-BF4B-00C04F79EFBC}") = "ExercicoDeFixacao4", "ExercicoDeFixacao4\ExercicoDeFixacao4.csproj", "{181EA804-75D7-4412-8535-F4A7FED61FA7}"
EndProject
Global
	GlobalSection(SolutionConfigurationPlatforms) = preSolution
		Debug|Any CPU = Debug|Any CPU
		Release|Any CPU = Release|Any CPU
	EndGlobalSection
	GlobalSection(ProjectConfigurationPlatforms) = postSolution
		{181EA804-75D7-4412-8535-F4A7FED61FA7}.Debug|Any CPU.ActiveCfg = Debug|Any CPU
		{181EA804-75D7-4412-8535-F4A7FED61FA7}.Debug|Any CPU.Build.0 = Debug|Any CPU
		{181EA804-75D7-4412-8535-F4A7FED61FA7}.Release|Any CPU.ActiveCfg = Release|Any CPU
		{181EA804-75D7-4412-8535-F4A7FED61FA7}.Release|Any CPU.Build.0 = Release|Any CPU
	EndGlobalSection
	GlobalSection(SolutionProperties) = preSolution
		HideSolutionNode = FALSE
	EndGlobalSection
	GlobalSection(ExtensibilityGlobals) = postSolution
		SolutionGuid = {70E35E59-9A8A-4AD9-87D2-B88C2C6D3B1E}
	EndGlobalSection
EndGlobal
